// !$*UTF8*$!
{
	archiveVersion = 1;
	classes = {
	};
	objectVersion = 46;
	objects = {

/* Begin PBXBuildFile section */
		9D0343231F58001C00A8C6B4 /* main.m in Sources */ = {isa = PBXBuildFile; fileRef = 9D0343221F58001C00A8C6B4 /* main.m */; };
		9D0343261F58001C00A8C6B4 /* AppDelegate.m in Sources */ = {isa = PBXBuildFile; fileRef = 9D0343251F58001C00A8C6B4 /* AppDelegate.m */; };
		9D0343291F58001C00A8C6B4 /* ViewController.m in Sources */ = {isa = PBXBuildFile; fileRef = 9D0343281F58001C00A8C6B4 /* ViewController.m */; };
		9D03432C1F58001C00A8C6B4 /* Main.storyboard in Resources */ = {isa = PBXBuildFile; fileRef = 9D03432A1F58001C00A8C6B4 /* Main.storyboard */; };
		9D03432E1F58001C00A8C6B4 /* Assets.xcassets in Resources */ = {isa = PBXBuildFile; fileRef = 9D03432D1F58001C00A8C6B4 /* Assets.xcassets */; };
		9D0343311F58001C00A8C6B4 /* LaunchScreen.storyboard in Resources */ = {isa = PBXBuildFile; fileRef = 9D03432F1F58001C00A8C6B4 /* LaunchScreen.storyboard */; };
		9D03433C1F58001C00A8C6B4 /* ReactiveCocoaDemoTests.m in Sources */ = {isa = PBXBuildFile; fileRef = 9D03433B1F58001C00A8C6B4 /* ReactiveCocoaDemoTests.m */; };
		9D0343471F58001C00A8C6B4 /* ReactiveCocoaDemoUITests.m in Sources */ = {isa = PBXBuildFile; fileRef = 9D0343461F58001C00A8C6B4 /* ReactiveCocoaDemoUITests.m */; };
		9D0343621F58041700A8C6B4 /* RACSignalVC.m in Sources */ = {isa = PBXBuildFile; fileRef = 9D0343611F58041700A8C6B4 /* RACSignalVC.m */; };
		9D0343651F580A7700A8C6B4 /* BaseViewController.m in Sources */ = {isa = PBXBuildFile; fileRef = 9D0343641F580A7700A8C6B4 /* BaseViewController.m */; };
		9D0343681F580C5B00A8C6B4 /* RACSubjectVC.m in Sources */ = {isa = PBXBuildFile; fileRef = 9D0343671F580C5B00A8C6B4 /* RACSubjectVC.m */; };
		9D03436B1F580D1A00A8C6B4 /* RACReplaySubjectVC.m in Sources */ = {isa = PBXBuildFile; fileRef = 9D03436A1F580D1A00A8C6B4 /* RACReplaySubjectVC.m */; };
		9DF8B9ED1F58EC390096B30B /* RACSubjectTwoVC.m in Sources */ = {isa = PBXBuildFile; fileRef = 9DF8B9EB1F58EC390096B30B /* RACSubjectTwoVC.m */; };
		9DF8B9EE1F58EC390096B30B /* RACSubjectTwoVC.xib in Resources */ = {isa = PBXBuildFile; fileRef = 9DF8B9EC1F58EC390096B30B /* RACSubjectTwoVC.xib */; };
		9DF8B9F41F58EF7B0096B30B /* RACSequenceAndRACTupleVC.m in Sources */ = {isa = PBXBuildFile; fileRef = 9DF8B9F31F58EF7B0096B30B /* RACSequenceAndRACTupleVC.m */; };
		9DF8B9F61F58F05D0096B30B /* colors.json in Resources */ = {isa = PBXBuildFile; fileRef = 9DF8B9F51F58F05D0096B30B /* colors.json */; };
		9DF8B9F91F58F0B80096B30B /* FlagItem.m in Sources */ = {isa = PBXBuildFile; fileRef = 9DF8B9F81F58F0B80096B30B /* FlagItem.m */; };
		9DF8B9FC1F58F43F0096B30B /* RACCommandVC.m in Sources */ = {isa = PBXBuildFile; fileRef = 9DF8B9FB1F58F43F0096B30B /* RACCommandVC.m */; };
		9DF8B9FF1F58F6DB0096B30B /* RACMulticastConnectionVC.m in Sources */ = {isa = PBXBuildFile; fileRef = 9DF8B9FE1F58F6DB0096B30B /* RACMulticastConnectionVC.m */; };
		9DF8BA021F58F9210096B30B /* DevelopmentUseVC.m in Sources */ = {isa = PBXBuildFile; fileRef = 9DF8BA011F58F9210096B30B /* DevelopmentUseVC.m */; };
		E21B63288ADF6F72381CEA07 /* libPods-ReactiveCocoaDemo.a in Frameworks */ = {isa = PBXBuildFile; fileRef = A5F6EC8305451DB7335A8E20 /* libPods-ReactiveCocoaDemo.a */; };
/* End PBXBuildFile section */

/* Begin PBXContainerItemProxy section */
		9D0343381F58001C00A8C6B4 /* PBXContainerItemProxy */ = {
			isa = PBXContainerItemProxy;
			containerPortal = 9D0343161F58001C00A8C6B4 /* Project object */;
			proxyType = 1;
			remoteGlobalIDString = 9D03431D1F58001C00A8C6B4;
			remoteInfo = ReactiveCocoaDemo;
		};
		9D0343431F58001C00A8C6B4 /* PBXContainerItemProxy */ = {
			isa = PBXContainerItemProxy;
			containerPortal = 9D0343161F58001C00A8C6B4 /* Project object */;
			proxyType = 1;
			remoteGlobalIDString = 9D03431D1F58001C00A8C6B4;
			remoteInfo = ReactiveCocoaDemo;
		};
/* End PBXContainerItemProxy section */

/* Begin PBXFileReference section */
		268FBA94D59FBE900B19D2A5 /* Pods-ReactiveCocoaDemo.release.xcconfig */ = {isa = PBXFileReference; includeInIndex = 1; lastKnownFileType = text.xcconfig; name = "Pods-ReactiveCocoaDemo.release.xcconfig"; path = "Pods/Target Support Files/Pods-ReactiveCocoaDemo/Pods-ReactiveCocoaDemo.release.xcconfig"; sourceTree = "<group>"; };
		5CEC9DD4C5F442E0BCF7E74B /* Pods-ReactiveCocoaDemo.debug.xcconfig */ = {isa = PBXFileReference; includeInIndex = 1; lastKnownFileType = text.xcconfig; name = "Pods-ReactiveCocoaDemo.debug.xcconfig"; path = "Pods/Target Support Files/Pods-ReactiveCocoaDemo/Pods-ReactiveCocoaDemo.debug.xcconfig"; sourceTree = "<group>"; };
		9D03431E1F58001C00A8C6B4 /* ReactiveCocoaDemo.app */ = {isa = PBXFileReference; explicitFileType = wrapper.application; includeInIndex = 0; path = ReactiveCocoaDemo.app; sourceTree = BUILT_PRODUCTS_DIR; };
		9D0343221F58001C00A8C6B4 /* main.m */ = {isa = PBXFileReference; lastKnownFileType = sourcecode.c.objc; path = main.m; sourceTree = "<group>"; };
		9D0343241F58001C00A8C6B4 /* AppDelegate.h */ = {isa = PBXFileReference; lastKnownFileType = sourcecode.c.h; path = AppDelegate.h; sourceTree = "<group>"; };
		9D0343251F58001C00A8C6B4 /* AppDelegate.m */ = {isa = PBXFileReference; lastKnownFileType = sourcecode.c.objc; path = AppDelegate.m; sourceTree = "<group>"; };
		9D0343271F58001C00A8C6B4 /* ViewController.h */ = {isa = PBXFileReference; lastKnownFileType = sourcecode.c.h; path = ViewController.h; sourceTree = "<group>"; };
		9D0343281F58001C00A8C6B4 /* ViewController.m */ = {isa = PBXFileReference; lastKnownFileType = sourcecode.c.objc; path = ViewController.m; sourceTree = "<group>"; };
		9D03432B1F58001C00A8C6B4 /* Base */ = {isa = PBXFileReference; lastKnownFileType = file.storyboard; name = Base; path = Base.lproj/Main.storyboard; sourceTree = "<group>"; };
		9D03432D1F58001C00A8C6B4 /* Assets.xcassets */ = {isa = PBXFileReference; lastKnownFileType = folder.assetcatalog; path = Assets.xcassets; sourceTree = "<group>"; };
		9D0343301F58001C00A8C6B4 /* Base */ = {isa = PBXFileReference; lastKnownFileType = file.storyboard; name = Base; path = Base.lproj/LaunchScreen.storyboard; sourceTree = "<group>"; };
		9D0343321F58001C00A8C6B4 /* Info.plist */ = {isa = PBXFileReference; lastKnownFileType = text.plist.xml; path = Info.plist; sourceTree = "<group>"; };
		9D0343371F58001C00A8C6B4 /* ReactiveCocoaDemoTests.xctest */ = {isa = PBXFileReference; explicitFileType = wrapper.cfbundle; includeInIndex = 0; path = ReactiveCocoaDemoTests.xctest; sourceTree = BUILT_PRODUCTS_DIR; };
		9D03433B1F58001C00A8C6B4 /* ReactiveCocoaDemoTests.m */ = {isa = PBXFileReference; lastKnownFileType = sourcecode.c.objc; path = ReactiveCocoaDemoTests.m; sourceTree = "<group>"; };
		9D03433D1F58001C00A8C6B4 /* Info.plist */ = {isa = PBXFileReference; lastKnownFileType = text.plist.xml; path = Info.plist; sourceTree = "<group>"; };
		9D0343421F58001C00A8C6B4 /* ReactiveCocoaDemoUITests.xctest */ = {isa = PBXFileReference; explicitFileType = wrapper.cfbundle; includeInIndex = 0; path = ReactiveCocoaDemoUITests.xctest; sourceTree = BUILT_PRODUCTS_DIR; };
		9D0343461F58001C00A8C6B4 /* ReactiveCocoaDemoUITests.m */ = {isa = PBXFileReference; lastKnownFileType = sourcecode.c.objc; path = ReactiveCocoaDemoUITests.m; sourceTree = "<group>"; };
		9D0343481F58001C00A8C6B4 /* Info.plist */ = {isa = PBXFileReference; lastKnownFileType = text.plist.xml; path = Info.plist; sourceTree = "<group>"; };
		9D0343601F58041700A8C6B4 /* RACSignalVC.h */ = {isa = PBXFileReference; fileEncoding = 4; lastKnownFileType = sourcecode.c.h; path = RACSignalVC.h; sourceTree = "<group>"; };
		9D0343611F58041700A8C6B4 /* RACSignalVC.m */ = {isa = PBXFileReference; fileEncoding = 4; lastKnownFileType = sourcecode.c.objc; path = RACSignalVC.m; sourceTree = "<group>"; };
		9D0343631F580A7700A8C6B4 /* BaseViewController.h */ = {isa = PBXFileReference; fileEncoding = 4; lastKnownFileType = sourcecode.c.h; path = BaseViewController.h; sourceTree = "<group>"; };
		9D0343641F580A7700A8C6B4 /* BaseViewController.m */ = {isa = PBXFileReference; fileEncoding = 4; lastKnownFileType = sourcecode.c.objc; path = BaseViewController.m; sourceTree = "<group>"; };
		9D0343661F580C5B00A8C6B4 /* RACSubjectVC.h */ = {isa = PBXFileReference; fileEncoding = 4; lastKnownFileType = sourcecode.c.h; path = RACSubjectVC.h; sourceTree = "<group>"; };
		9D0343671F580C5B00A8C6B4 /* RACSubjectVC.m */ = {isa = PBXFileReference; fileEncoding = 4; lastKnownFileType = sourcecode.c.objc; path = RACSubjectVC.m; sourceTree = "<group>"; };
		9D0343691F580D1A00A8C6B4 /* RACReplaySubjectVC.h */ = {isa = PBXFileReference; fileEncoding = 4; lastKnownFileType = sourcecode.c.h; path = RACReplaySubjectVC.h; sourceTree = "<group>"; };
		9D03436A1F580D1A00A8C6B4 /* RACReplaySubjectVC.m */ = {isa = PBXFileReference; fileEncoding = 4; lastKnownFileType = sourcecode.c.objc; path = RACReplaySubjectVC.m; sourceTree = "<group>"; };
		9DF8B9EA1F58EC390096B30B /* RACSubjectTwoVC.h */ = {isa = PBXFileReference; fileEncoding = 4; lastKnownFileType = sourcecode.c.h; path = RACSubjectTwoVC.h; sourceTree = "<group>"; };
		9DF8B9EB1F58EC390096B30B /* RACSubjectTwoVC.m */ = {isa = PBXFileReference; fileEncoding = 4; lastKnownFileType = sourcecode.c.objc; path = RACSubjectTwoVC.m; sourceTree = "<group>"; };
		9DF8B9EC1F58EC390096B30B /* RACSubjectTwoVC.xib */ = {isa = PBXFileReference; fileEncoding = 4; lastKnownFileType = file.xib; path = RACSubjectTwoVC.xib; sourceTree = "<group>"; };
		9DF8B9F21F58EF7B0096B30B /* RACSequenceAndRACTupleVC.h */ = {isa = PBXFileReference; fileEncoding = 4; lastKnownFileType = sourcecode.c.h; path = RACSequenceAndRACTupleVC.h; sourceTree = "<group>"; };
		9DF8B9F31F58EF7B0096B30B /* RACSequenceAndRACTupleVC.m */ = {isa = PBXFileReference; fileEncoding = 4; lastKnownFileType = sourcecode.c.objc; path = RACSequenceAndRACTupleVC.m; sourceTree = "<group>"; };
		9DF8B9F51F58F05D0096B30B /* colors.json */ = {isa = PBXFileReference; fileEncoding = 4; lastKnownFileType = text.json; path = colors.json; sourceTree = "<group>"; };
		9DF8B9F71F58F0B80096B30B /* FlagItem.h */ = {isa = PBXFileReference; fileEncoding = 4; lastKnownFileType = sourcecode.c.h; path = FlagItem.h; sourceTree = "<group>"; };
		9DF8B9F81F58F0B80096B30B /* FlagItem.m */ = {isa = PBXFileReference; fileEncoding = 4; lastKnownFileType = sourcecode.c.objc; path = FlagItem.m; sourceTree = "<group>"; };
		9DF8B9FA1F58F43F0096B30B /* RACCommandVC.h */ = {isa = PBXFileReference; fileEncoding = 4; lastKnownFileType = sourcecode.c.h; path = RACCommandVC.h; sourceTree = "<group>"; };
		9DF8B9FB1F58F43F0096B30B /* RACCommandVC.m */ = {isa = PBXFileReference; fileEncoding = 4; lastKnownFileType = sourcecode.c.objc; path = RACCommandVC.m; sourceTree = "<group>"; };
		9DF8B9FD1F58F6DB0096B30B /* RACMulticastConnectionVC.h */ = {isa = PBXFileReference; fileEncoding = 4; lastKnownFileType = sourcecode.c.h; path = RACMulticastConnectionVC.h; sourceTree = "<group>"; };
		9DF8B9FE1F58F6DB0096B30B /* RACMulticastConnectionVC.m */ = {isa = PBXFileReference; fileEncoding = 4; lastKnownFileType = sourcecode.c.objc; path = RACMulticastConnectionVC.m; sourceTree = "<group>"; };
		9DF8BA001F58F9210096B30B /* DevelopmentUseVC.h */ = {isa = PBXFileReference; fileEncoding = 4; lastKnownFileType = sourcecode.c.h; path = DevelopmentUseVC.h; sourceTree = "<group>"; };
		9DF8BA011F58F9210096B30B /* DevelopmentUseVC.m */ = {isa = PBXFileReference; fileEncoding = 4; lastKnownFileType = sourcecode.c.objc; path = DevelopmentUseVC.m; sourceTree = "<group>"; };
		A5F6EC8305451DB7335A8E20 /* libPods-ReactiveCocoaDemo.a */ = {isa = PBXFileReference; explicitFileType = archive.ar; includeInIndex = 0; path = "libPods-ReactiveCocoaDemo.a"; sourceTree = BUILT_PRODUCTS_DIR; };
/* End PBXFileReference section */

/* Begin PBXFrameworksBuildPhase section */
		9D03431B1F58001C00A8C6B4 /* Frameworks */ = {
			isa = PBXFrameworksBuildPhase;
			buildActionMask = 2147483647;
			files = (
				E21B63288ADF6F72381CEA07 /* libPods-ReactiveCocoaDemo.a in Frameworks */,
			);
			runOnlyForDeploymentPostprocessing = 0;
		};
		9D0343341F58001C00A8C6B4 /* Frameworks */ = {
			isa = PBXFrameworksBuildPhase;
			buildActionMask = 2147483647;
			files = (
			);
			runOnlyForDeploymentPostprocessing = 0;
		};
		9D03433F1F58001C00A8C6B4 /* Frameworks */ = {
			isa = PBXFrameworksBuildPhase;
			buildActionMask = 2147483647;
			files = (
			);
			runOnlyForDeploymentPostprocessing = 0;
		};
/* End PBXFrameworksBuildPhase section */

/* Begin PBXGroup section */
		6BB2D7103C50F5B2FA604531 /* Pods */ = {
			isa = PBXGroup;
			children = (
				5CEC9DD4C5F442E0BCF7E74B /* Pods-ReactiveCocoaDemo.debug.xcconfig */,
				268FBA94D59FBE900B19D2A5 /* Pods-ReactiveCocoaDemo.release.xcconfig */,
			);
			name = Pods;
			sourceTree = "<group>";
		};
		9D0343151F58001C00A8C6B4 = {
			isa = PBXGroup;
			children = (
				9D0343201F58001C00A8C6B4 /* ReactiveCocoaDemo */,
				9D03433A1F58001C00A8C6B4 /* ReactiveCocoaDemoTests */,
				9D0343451F58001C00A8C6B4 /* ReactiveCocoaDemoUITests */,
				9D03431F1F58001C00A8C6B4 /* Products */,
				6BB2D7103C50F5B2FA604531 /* Pods */,
				AFC5168032CD77C7DA350DC0 /* Frameworks */,
			);
			sourceTree = "<group>";
		};
		9D03431F1F58001C00A8C6B4 /* Products */ = {
			isa = PBXGroup;
			children = (
				9D03431E1F58001C00A8C6B4 /* ReactiveCocoaDemo.app */,
				9D0343371F58001C00A8C6B4 /* ReactiveCocoaDemoTests.xctest */,
				9D0343421F58001C00A8C6B4 /* ReactiveCocoaDemoUITests.xctest */,
			);
			name = Products;
			sourceTree = "<group>";
		};
		9D0343201F58001C00A8C6B4 /* ReactiveCocoaDemo */ = {
			isa = PBXGroup;
			children = (
				9D0343241F58001C00A8C6B4 /* AppDelegate.h */,
				9D0343251F58001C00A8C6B4 /* AppDelegate.m */,
				9D0343271F58001C00A8C6B4 /* ViewController.h */,
				9D0343281F58001C00A8C6B4 /* ViewController.m */,
				9D0343631F580A7700A8C6B4 /* BaseViewController.h */,
				9D0343641F580A7700A8C6B4 /* BaseViewController.m */,
				9D0343601F58041700A8C6B4 /* RACSignalVC.h */,
				9D0343611F58041700A8C6B4 /* RACSignalVC.m */,
				9D0343661F580C5B00A8C6B4 /* RACSubjectVC.h */,
				9D0343671F580C5B00A8C6B4 /* RACSubjectVC.m */,
				9DF8B9EA1F58EC390096B30B /* RACSubjectTwoVC.h */,
				9DF8B9EB1F58EC390096B30B /* RACSubjectTwoVC.m */,
				9DF8B9EC1F58EC390096B30B /* RACSubjectTwoVC.xib */,
				9D0343691F580D1A00A8C6B4 /* RACReplaySubjectVC.h */,
				9D03436A1F580D1A00A8C6B4 /* RACReplaySubjectVC.m */,
				9DF8B9F21F58EF7B0096B30B /* RACSequenceAndRACTupleVC.h */,
				9DF8B9F31F58EF7B0096B30B /* RACSequenceAndRACTupleVC.m */,
				9DF8B9F71F58F0B80096B30B /* FlagItem.h */,
				9DF8B9F81F58F0B80096B30B /* FlagItem.m */,
				9DF8B9FA1F58F43F0096B30B /* RACCommandVC.h */,
				9DF8B9FB1F58F43F0096B30B /* RACCommandVC.m */,
				9DF8B9FD1F58F6DB0096B30B /* RACMulticastConnectionVC.h */,
				9DF8B9FE1F58F6DB0096B30B /* RACMulticastConnectionVC.m */,
				9DF8BA001F58F9210096B30B /* DevelopmentUseVC.h */,
				9DF8BA011F58F9210096B30B /* DevelopmentUseVC.m */,
				9D03432A1F58001C00A8C6B4 /* Main.storyboard */,
				9D03432D1F58001C00A8C6B4 /* Assets.xcassets */,
				9D03432F1F58001C00A8C6B4 /* LaunchScreen.storyboard */,
				9D0343321F58001C00A8C6B4 /* Info.plist */,
				9D0343211F58001C00A8C6B4 /* Supporting Files */,
			);
			path = ReactiveCocoaDemo;
			sourceTree = "<group>";
		};
		9D0343211F58001C00A8C6B4 /* Supporting Files */ = {
			isa = PBXGroup;
			children = (
				9DF8B9F51F58F05D0096B30B /* colors.json */,
				9D0343221F58001C00A8C6B4 /* main.m */,
			);
			name = "Supporting Files";
			sourceTree = "<group>";
		};
		9D03433A1F58001C00A8C6B4 /* ReactiveCocoaDemoTests */ = {
			isa = PBXGroup;
			children = (
				9D03433B1F58001C00A8C6B4 /* ReactiveCocoaDemoTests.m */,
				9D03433D1F58001C00A8C6B4 /* Info.plist */,
			);
			path = ReactiveCocoaDemoTests;
			sourceTree = "<group>";
		};
		9D0343451F58001C00A8C6B4 /* ReactiveCocoaDemoUITests */ = {
			isa = PBXGroup;
			children = (
				9D0343461F58001C00A8C6B4 /* ReactiveCocoaDemoUITests.m */,
				9D0343481F58001C00A8C6B4 /* Info.plist */,
			);
			path = ReactiveCocoaDemoUITests;
			sourceTree = "<group>";
		};
		AFC5168032CD77C7DA350DC0 /* Frameworks */ = {
			isa = PBXGroup;
			children = (
				A5F6EC8305451DB7335A8E20 /* libPods-ReactiveCocoaDemo.a */,
			);
			name = Frameworks;
			sourceTree = "<group>";
		};
/* End PBXGroup section */

/* Begin PBXNativeTarget section */
		9D03431D1F58001C00A8C6B4 /* ReactiveCocoaDemo */ = {
			isa = PBXNativeTarget;
			buildConfigurationList = 9D03434B1F58001C00A8C6B4 /* Build configuration list for PBXNativeTarget "ReactiveCocoaDemo" */;
			buildPhases = (
				6F5A5ED1E87C2136F54CB35D /* [CP] Check Pods Manifest.lock */,
				9D03431A1F58001C00A8C6B4 /* Sources */,
				9D03431B1F58001C00A8C6B4 /* Frameworks */,
				9D03431C1F58001C00A8C6B4 /* Resources */,
				99F227445F42EC0259F66268 /* [CP] Embed Pods Frameworks */,
				0C05D58D8B7CF87904588EE6 /* [CP] Copy Pods Resources */,
			);
			buildRules = (
			);
			dependencies = (
			);
			name = ReactiveCocoaDemo;
			productName = ReactiveCocoaDemo;
			productReference = 9D03431E1F58001C00A8C6B4 /* ReactiveCocoaDemo.app */;
			productType = "com.apple.product-type.application";
		};
		9D0343361F58001C00A8C6B4 /* ReactiveCocoaDemoTests */ = {
			isa = PBXNativeTarget;
			buildConfigurationList = 9D03434E1F58001C00A8C6B4 /* Build configuration list for PBXNativeTarget "ReactiveCocoaDemoTests" */;
			buildPhases = (
				9D0343331F58001C00A8C6B4 /* Sources */,
				9D0343341F58001C00A8C6B4 /* Frameworks */,
				9D0343351F58001C00A8C6B4 /* Resources */,
			);
			buildRules = (
			);
			dependencies = (
				9D0343391F58001C00A8C6B4 /* PBXTargetDependency */,
			);
			name = ReactiveCocoaDemoTests;
			productName = ReactiveCocoaDemoTests;
			productReference = 9D0343371F58001C00A8C6B4 /* ReactiveCocoaDemoTests.xctest */;
			productType = "com.apple.product-type.bundle.unit-test";
		};
		9D0343411F58001C00A8C6B4 /* ReactiveCocoaDemoUITests */ = {
			isa = PBXNativeTarget;
			buildConfigurationList = 9D0343511F58001C00A8C6B4 /* Build configuration list for PBXNativeTarget "ReactiveCocoaDemoUITests" */;
			buildPhases = (
				9D03433E1F58001C00A8C6B4 /* Sources */,
				9D03433F1F58001C00A8C6B4 /* Frameworks */,
				9D0343401F58001C00A8C6B4 /* Resources */,
			);
			buildRules = (
			);
			dependencies = (
				9D0343441F58001C00A8C6B4 /* PBXTargetDependency */,
			);
			name = ReactiveCocoaDemoUITests;
			productName = ReactiveCocoaDemoUITests;
			productReference = 9D0343421F58001C00A8C6B4 /* ReactiveCocoaDemoUITests.xctest */;
			productType = "com.apple.product-type.bundle.ui-testing";
		};
/* End PBXNativeTarget section */

/* Begin PBXProject section */
		9D0343161F58001C00A8C6B4 /* Project object */ = {
			isa = PBXProject;
			attributes = {
				LastUpgradeCheck = 0830;
				ORGANIZATIONNAME = "曾国锐";
				TargetAttributes = {
					9D03431D1F58001C00A8C6B4 = {
						CreatedOnToolsVersion = 8.3.3;
						DevelopmentTeam = 4ZES2KADLV;
						ProvisioningStyle = Automatic;
					};
					9D0343361F58001C00A8C6B4 = {
						CreatedOnToolsVersion = 8.3.3;
						DevelopmentTeam = 4ZES2KADLV;
						ProvisioningStyle = Automatic;
						TestTargetID = 9D03431D1F58001C00A8C6B4;
					};
					9D0343411F58001C00A8C6B4 = {
						CreatedOnToolsVersion = 8.3.3;
						DevelopmentTeam = 4ZES2KADLV;
						ProvisioningStyle = Automatic;
						TestTargetID = 9D03431D1F58001C00A8C6B4;
					};
				};
			};
			buildConfigurationList = 9D0343191F58001C00A8C6B4 /* Build configuration list for PBXProject "ReactiveCocoaDemo" */;
			compatibilityVersion = "Xcode 3.2";
			developmentRegion = English;
			hasScannedForEncodings = 0;
			knownRegions = (
				en,
				Base,
			);
			mainGroup = 9D0343151F58001C00A8C6B4;
			productRefGroup = 9D03431F1F58001C00A8C6B4 /* Products */;
			projectDirPath = "";
			projectRoot = "";
			targets = (
				9D03431D1F58001C00A8C6B4 /* ReactiveCocoaDemo */,
				9D0343361F58001C00A8C6B4 /* ReactiveCocoaDemoTests */,
				9D0343411F58001C00A8C6B4 /* ReactiveCocoaDemoUITests */,
			);
		};
/* End PBXProject section */

/* Begin PBXResourcesBuildPhase section */
		9D03431C1F58001C00A8C6B4 /* Resources */ = {
			isa = PBXResourcesBuildPhase;
			buildActionMask = 2147483647;
			files = (
				9D0343311F58001C00A8C6B4 /* LaunchScreen.storyboard in Resources */,
				9DF8B9F61F58F05D0096B30B /* colors.json in Resources */,
				9DF8B9EE1F58EC390096B30B /* RACSubjectTwoVC.xib in Resources */,
				9D03432E1F58001C00A8C6B4 /* Assets.xcassets in Resources */,
				9D03432C1F58001C00A8C6B4 /* Main.storyboard in Resources */,
			);
			runOnlyForDeploymentPostprocessing = 0;
		};
		9D0343351F58001C00A8C6B4 /* Resources */ = {
			isa = PBXResourcesBuildPhase;
			buildActionMask = 2147483647;
			files = (
			);
			runOnlyForDeploymentPostprocessing = 0;
		};
		9D0343401F58001C00A8C6B4 /* Resources */ = {
			isa = PBXResourcesBuildPhase;
			buildActionMask = 2147483647;
			files = (
			);
			runOnlyForDeploymentPostprocessing = 0;
		};
/* End PBXResourcesBuildPhase section */

/* Begin PBXShellScriptBuildPhase section */
		0C05D58D8B7CF87904588EE6 /* [CP] Copy Pods Resources */ = {
			isa = PBXShellScriptBuildPhase;
			buildActionMask = 2147483647;
			files = (
			);
			inputPaths = (
			);
			name = "[CP] Copy Pods Resources";
			outputPaths = (
			);
			runOnlyForDeploymentPostprocessing = 0;
			shellPath = /bin/sh;
			shellScript = "\"${SRCROOT}/Pods/Target Support Files/Pods-ReactiveCocoaDemo/Pods-ReactiveCocoaDemo-resources.sh\"\n";
			showEnvVarsInLog = 0;
		};
		6F5A5ED1E87C2136F54CB35D /* [CP] Check Pods Manifest.lock */ = {
			isa = PBXShellScriptBuildPhase;
			buildActionMask = 2147483647;
			files = (
			);
			inputPaths = (
			);
			name = "[CP] Check Pods Manifest.lock";
			outputPaths = (
			);
			runOnlyForDeploymentPostprocessing = 0;
			shellPath = /bin/sh;
			shellScript = "diff \"${PODS_ROOT}/../Podfile.lock\" \"${PODS_ROOT}/Manifest.lock\" > /dev/null\nif [[ $? != 0 ]] ; then\n    cat << EOM\nerror: The sandbox is not in sync with the Podfile.lock. Run 'pod install' or update your CocoaPods installation.\nEOM\n    exit 1\nfi\n";
			showEnvVarsInLog = 0;
		};
		99F227445F42EC0259F66268 /* [CP] Embed Pods Frameworks */ = {
			isa = PBXShellScriptBuildPhase;
			buildActionMask = 2147483647;
			files = (
			);
			inputPaths = (
			);
			name = "[CP] Embed Pods Frameworks";
			outputPaths = (
			);
			runOnlyForDeploymentPostprocessing = 0;
			shellPath = /bin/sh;
			shellScript = "\"${SRCROOT}/Pods/Target Support Files/Pods-ReactiveCocoaDemo/Pods-ReactiveCocoaDemo-frameworks.sh\"\n";
			showEnvVarsInLog = 0;
		};
/* End PBXShellScriptBuildPhase section */

/* Begin PBXSourcesBuildPhase section */
		9D03431A1F58001C00A8C6B4 /* Sources */ = {
			isa = PBXSourcesBuildPhase;
			buildActionMask = 2147483647;
			files = (
				9D0343291F58001C00A8C6B4 /* ViewController.m in Sources */,
				9DF8B9FC1F58F43F0096B30B /* RACCommandVC.m in Sources */,
				9DF8B9FF1F58F6DB0096B30B /* RACMulticastConnectionVC.m in Sources */,
				9D0343651F580A7700A8C6B4 /* BaseViewController.m in Sources */,
				9DF8B9F91F58F0B80096B30B /* FlagItem.m in Sources */,
				9D0343621F58041700A8C6B4 /* RACSignalVC.m in Sources */,
				9D0343261F58001C00A8C6B4 /* AppDelegate.m in Sources */,
				9DF8BA021F58F9210096B30B /* DevelopmentUseVC.m in Sources */,
				9D0343681F580C5B00A8C6B4 /* RACSubjectVC.m in Sources */,
				9DF8B9F41F58EF7B0096B30B /* RACSequenceAndRACTupleVC.m in Sources */,
				9DF8B9ED1F58EC390096B30B /* RACSubjectTwoVC.m in Sources */,
				9D03436B1F580D1A00A8C6B4 /* RACReplaySubjectVC.m in Sources */,
				9D0343231F58001C00A8C6B4 /* main.m in Sources */,
			);
			runOnlyForDeploymentPostprocessing = 0;
		};
		9D0343331F58001C00A8C6B4 /* Sources */ = {
			isa = PBXSourcesBuildPhase;
			buildActionMask = 2147483647;
			files = (
				9D03433C1F58001C00A8C6B4 /* ReactiveCocoaDemoTests.m in Sources */,
			);
			runOnlyForDeploymentPostprocessing = 0;
		};
		9D03433E1F58001C00A8C6B4 /* Sources */ = {
			isa = PBXSourcesBuildPhase;
			buildActionMask = 2147483647;
			files = (
				9D0343471F58001C00A8C6B4 /* ReactiveCocoaDemoUITests.m in Sources */,
			);
			runOnlyForDeploymentPostprocessing = 0;
		};
/* End PBXSourcesBuildPhase section */

/* Begin PBXTargetDependency section */
		9D0343391F58001C00A8C6B4 /* PBXTargetDependency */ = {
			isa = PBXTargetDependency;
			target = 9D03431D1F58001C00A8C6B4 /* ReactiveCocoaDemo */;
			targetProxy = 9D0343381F58001C00A8C6B4 /* PBXContainerItemProxy */;
		};
		9D0343441F58001C00A8C6B4 /* PBXTargetDependency */ = {
			isa = PBXTargetDependency;
			target = 9D03431D1F58001C00A8C6B4 /* ReactiveCocoaDemo */;
			targetProxy = 9D0343431F58001C00A8C6B4 /* PBXContainerItemProxy */;
		};
/* End PBXTargetDependency section */

/* Begin PBXVariantGroup section */
		9D03432A1F58001C00A8C6B4 /* Main.storyboard */ = {
			isa = PBXVariantGroup;
			children = (
				9D03432B1F58001C00A8C6B4 /* Base */,
			);
			name = Main.storyboard;
			sourceTree = "<group>";
		};
		9D03432F1F58001C00A8C6B4 /* LaunchScreen.storyboard */ = {
			isa = PBXVariantGroup;
			children = (
				9D0343301F58001C00A8C6B4 /* Base */,
			);
			name = LaunchScreen.storyboard;
			sourceTree = "<group>";
		};
/* End PBXVariantGroup section */

/* Begin XCBuildConfiguration section */
		9D0343491F58001C00A8C6B4 /* Debug */ = {
			isa = XCBuildConfiguration;
			buildSettings = {
				ALWAYS_SEARCH_USER_PATHS = NO;
				CLANG_ANALYZER_NONNULL = YES;
				CLANG_ANALYZER_NUMBER_OBJECT_CONVERSION = YES_AGGRESSIVE;
				CLANG_CXX_LANGUAGE_STANDARD = "gnu++0x";
				CLANG_CXX_LIBRARY = "libc++";
				CLANG_ENABLE_MODULES = YES;
				CLANG_ENABLE_OBJC_ARC = YES;
				CLANG_WARN_BOOL_CONVERSION = YES;
				CLANG_WARN_CONSTANT_CONVERSION = YES;
				CLANG_WARN_DIRECT_OBJC_ISA_USAGE = YES_ERROR;
				CLANG_WARN_DOCUMENTATION_COMMENTS = YES;
				CLANG_WARN_EMPTY_BODY = YES;
				CLANG_WARN_ENUM_CONVERSION = YES;
				CLANG_WARN_INFINITE_RECURSION = YES;
				CLANG_WARN_INT_CONVERSION = YES;
				CLANG_WARN_OBJC_ROOT_CLASS = YES_ERROR;
				CLANG_WARN_SUSPICIOUS_MOVE = YES;
				CLANG_WARN_UNREACHABLE_CODE = YES;
				CLANG_WARN__DUPLICATE_METHOD_MATCH = YES;
				"CODE_SIGN_IDENTITY[sdk=iphoneos*]" = "iPhone Developer";
				COPY_PHASE_STRIP = NO;
				DEBUG_INFORMATION_FORMAT = dwarf;
				ENABLE_STRICT_OBJC_MSGSEND = YES;
				ENABLE_TESTABILITY = YES;
				GCC_C_LANGUAGE_STANDARD = gnu99;
				GCC_DYNAMIC_NO_PIC = NO;
				GCC_NO_COMMON_BLOCKS = YES;
				GCC_OPTIMIZATION_LEVEL = 0;
				GCC_PREPROCESSOR_DEFINITIONS = (
					"DEBUG=1",
					"$(inherited)",
				);
				GCC_WARN_64_TO_32_BIT_CONVERSION = YES;
				GCC_WARN_ABOUT_RETURN_TYPE = YES_ERROR;
				GCC_WARN_UNDECLARED_SELECTOR = YES;
				GCC_WARN_UNINITIALIZED_AUTOS = YES_AGGRESSIVE;
				GCC_WARN_UNUSED_FUNCTION = YES;
				GCC_WARN_UNUSED_VARIABLE = YES;
				IPHONEOS_DEPLOYMENT_TARGET = 10.3;
				MTL_ENABLE_DEBUG_INFO = YES;
				ONLY_ACTIVE_ARCH = YES;
				SDKROOT = iphoneos;
				TARGETED_DEVICE_FAMILY = "1,2";
			};
			name = Debug;
		};
		9D03434A1F58001C00A8C6B4 /* Release */ = {
			isa = XCBuildConfiguration;
			buildSettings = {
				ALWAYS_SEARCH_USER_PATHS = NO;
				CLANG_ANALYZER_NONNULL = YES;
				CLANG_ANALYZER_NUMBER_OBJECT_CONVERSION = YES_AGGRESSIVE;
				CLANG_CXX_LANGUAGE_STANDARD = "gnu++0x";
				CLANG_CXX_LIBRARY = "libc++";
				CLANG_ENABLE_MODULES = YES;
				CLANG_ENABLE_OBJC_ARC = YES;
				CLANG_WARN_BOOL_CONVERSION = YES;
				CLANG_WARN_CONSTANT_CONVERSION = YES;
				CLANG_WARN_DIRECT_OBJC_ISA_USAGE = YES_ERROR;
				CLANG_WARN_DOCUMENTATION_COMMENTS = YES;
				CLANG_WARN_EMPTY_BODY = YES;
				CLANG_WARN_ENUM_CONVERSION = YES;
				CLANG_WARN_INFINITE_RECURSION = YES;
				CLANG_WARN_INT_CONVERSION = YES;
				CLANG_WARN_OBJC_ROOT_CLASS = YES_ERROR;
				CLANG_WARN_SUSPICIOUS_MOVE = YES;
				CLANG_WARN_UNREACHABLE_CODE = YES;
				CLANG_WARN__DUPLICATE_METHOD_MATCH = YES;
				"CODE_SIGN_IDENTITY[sdk=iphoneos*]" = "iPhone Developer";
				COPY_PHASE_STRIP = NO;
				DEBUG_INFORMATION_FORMAT = "dwarf-with-dsym";
				ENABLE_NS_ASSERTIONS = NO;
				ENABLE_STRICT_OBJC_MSGSEND = YES;
				GCC_C_LANGUAGE_STANDARD = gnu99;
				GCC_NO_COMMON_BLOCKS = YES;
				GCC_WARN_64_TO_32_BIT_CONVERSION = YES;
				GCC_WARN_ABOUT_RETURN_TYPE = YES_ERROR;
				GCC_WARN_UNDECLARED_SELECTOR = YES;
				GCC_WARN_UNINITIALIZED_AUTOS = YES_AGGRESSIVE;
				GCC_WARN_UNUSED_FUNCTION = YES;
				GCC_WARN_UNUSED_VARIABLE = YES;
				IPHONEOS_DEPLOYMENT_TARGET = 10.3;
				MTL_ENABLE_DEBUG_INFO = NO;
				SDKROOT = iphoneos;
				TARGETED_DEVICE_FAMILY = "1,2";
				VALIDATE_PRODUCT = YES;
			};
			name = Release;
		};
		9D03434C1F58001C00A8C6B4 /* Debug */ = {
			isa = XCBuildConfiguration;
			baseConfigurationReference = 5CEC9DD4C5F442E0BCF7E74B /* Pods-ReactiveCocoaDemo.debug.xcconfig */;
			buildSettings = {
				ASSETCATALOG_COMPILER_APPICON_NAME = AppIcon;
				DEVELOPMENT_TEAM = 4ZES2KADLV;
				INFOPLIST_FILE = ReactiveCocoaDemo/Info.plist;
				LD_RUNPATH_SEARCH_PATHS = "$(inherited) @executable_path/Frameworks";
				PRODUCT_BUNDLE_IDENTIFIER = com.fangjinwang.app.ReactiveCocoaDemo;
				PRODUCT_NAME = "$(TARGET_NAME)";
			};
			name = Debug;
		};
		9D03434D1F58001C00A8C6B4 /* Release */ = {
			isa = XCBuildConfiguration;
			baseConfigurationReference = 268FBA94D59FBE900B19D2A5 /* Pods-ReactiveCocoaDemo.release.xcconfig */;
			buildSettings = {
				ASSETCATALOG_COMPILER_APPICON_NAME = AppIcon;
				DEVELOPMENT_TEAM = 4ZES2KADLV;
				INFOPLIST_FILE = ReactiveCocoaDemo/Info.plist;
				LD_RUNPATH_SEARCH_PATHS = "$(inherited) @executable_path/Frameworks";
				PRODUCT_BUNDLE_IDENTIFIER = com.fangjinwang.app.ReactiveCocoaDemo;
				PRODUCT_NAME = "$(TARGET_NAME)";
			};
			name = Release;
		};
		9D03434F1F58001C00A8C6B4 /* Debug */ = {
			isa = XCBuildConfiguration;
			buildSettings = {
				BUNDLE_LOADER = "$(TEST_HOST)";
				DEVELOPMENT_TEAM = 4ZES2KADLV;
				INFOPLIST_FILE = ReactiveCocoaDemoTests/Info.plist;
				LD_RUNPATH_SEARCH_PATHS = "$(inherited) @executable_path/Frameworks @loader_path/Frameworks";
				PRODUCT_BUNDLE_IDENTIFIER = com.fangjinwang.app.ReactiveCocoaDemoTests;
				PRODUCT_NAME = "$(TARGET_NAME)";
				TEST_HOST = "$(BUILT_PRODUCTS_DIR)/ReactiveCocoaDemo.app/ReactiveCocoaDemo";
			};
			name = Debug;
		};
		9D0343501F58001C00A8C6B4 /* Release */ = {
			isa = XCBuildConfiguration;
			buildSettings = {
				BUNDLE_LOADER = "$(TEST_HOST)";
				DEVELOPMENT_TEAM = 4ZES2KADLV;
				INFOPLIST_FILE = ReactiveCocoaDemoTests/Info.plist;
				LD_RUNPATH_SEARCH_PATHS = "$(inherited) @executable_path/Frameworks @loader_path/Frameworks";
				PRODUCT_BUNDLE_IDENTIFIER = com.fangjinwang.app.ReactiveCocoaDemoTests;
				PRODUCT_NAME = "$(TARGET_NAME)";
				TEST_HOST = "$(BUILT_PRODUCTS_DIR)/ReactiveCocoaDemo.app/ReactiveCocoaDemo";
			};
			name = Release;
		};
		9D0343521F58001C00A8C6B4 /* Debug */ = {
			isa = XCBuildConfiguration;
			buildSettings = {
				DEVELOPMENT_TEAM = 4ZES2KADLV;
				INFOPLIST_FILE = ReactiveCocoaDemoUITests/Info.plist;
				LD_RUNPATH_SEARCH_PATHS = "$(inherited) @executable_path/Frameworks @loader_path/Frameworks";
				PRODUCT_BUNDLE_IDENTIFIER = com.fangjinwang.app.ReactiveCocoaDemoUITests;
				PRODUCT_NAME = "$(TARGET_NAME)";
				TEST_TARGET_NAME = ReactiveCocoaDemo;
			};
			name = Debug;
		};
		9D0343531F58001C00A8C6B4 /* Release */ = {
			isa = XCBuildConfiguration;
			buildSettings = {
				DEVELOPMENT_TEAM = 4ZES2KADLV;
				INFOPLIST_FILE = ReactiveCocoaDemoUITests/Info.plist;
				LD_RUNPATH_SEARCH_PATHS = "$(inherited) @executable_path/Frameworks @loader_path/Frameworks";
				PRODUCT_BUNDLE_IDENTIFIER = com.fangjinwang.app.ReactiveCocoaDemoUITests;
				PRODUCT_NAME = "$(TARGET_NAME)";
				TEST_TARGET_NAME = ReactiveCocoaDemo;
			};
			name = Release;
		};
/* End XCBuildConfiguration section */

/* Begin XCConfigurationList section */
		9D0343191F58001C00A8C6B4 /* Build configuration list for PBXProject "ReactiveCocoaDemo" */ = {
			isa = XCConfigurationList;
			buildConfigurations = (
				9D0343491F58001C00A8C6B4 /* Debug */,
				9D03434A1F58001C00A8C6B4 /* Release */,
			);
			defaultConfigurationIsVisible = 0;
			defaultConfigurationName = Release;
		};
		9D03434B1F58001C00A8C6B4 /* Build configuration list for PBXNativeTarget "ReactiveCocoaDemo" */ = {
			isa = XCConfigurationList;
			buildConfigurations = (
				9D03434C1F58001C00A8C6B4 /* Debug */,
				9D03434D1F58001C00A8C6B4 /* Release */,
			);
			defaultConfigurationIsVisible = 0;
			defaultConfigurationName = Release;
		};
		9D03434E1F58001C00A8C6B4 /* Build configuration list for PBXNativeTarget "ReactiveCocoaDemoTests" */ = {
			isa = XCConfigurationList;
			buildConfigurations = (
				9D03434F1F58001C00A8C6B4 /* Debug */,
				9D0343501F58001C00A8C6B4 /* Release */,
			);
			defaultConfigurationIsVisible = 0;
			defaultConfigurationName = Release;
		};
		9D0343511F58001C00A8C6B4 /* Build configuration list for PBXNativeTarget "ReactiveCocoaDemoUITests" */ = {
			isa = XCConfigurationList;
			buildConfigurations = (
				9D0343521F58001C00A8C6B4 /* Debug */,
				9D0343531F58001C00A8C6B4 /* Release */,
			);
			defaultConfigurationIsVisible = 0;
			defaultConfigurationName = Release;
		};
/* End XCConfigurationList section */
	};
	rootObject = 9D0343161F58001C00A8C6B4 /* Project object */;
}
